
Microsoft Visual Studio Solution File, Format Version 12.00
# Visual Studio 15
VisualStudioVersion = 15.0.27130.2010
MinimumVisualStudioVersion = 10.0.40219.1
Project("{FAE04EC0-301F-11D3-BF4B-00C04F79EFBC}") = "Application", "Application\Application.csproj", "{2DA2FFD5-C751-4879-9161-140150DC21F7}"
EndProject
Project("{FAE04EC0-301F-11D3-BF4B-00C04F79EFBC}") = "Application.UnitTests", "Application.UnitTests\Application.UnitTests.csproj", "{15EAAD39-60EF-43D2-97C1-3922801E7236}"
EndProject
Global
	GlobalSection(SolutionConfigurationPlatforms) = preSolution
		Debug|Any CPU = Debug|Any CPU
		Release|Any CPU = Release|Any CPU
	EndGlobalSection
	GlobalSection(ProjectConfigurationPlatforms) = postSolution
		{2DA2FFD5-C751-4879-9161-140150DC21F7}.Debug|Any CPU.ActiveCfg = Debug|Any CPU
		{2DA2FFD5-C751-4879-9161-140150DC21F7}.Debug|Any CPU.Build.0 = Debug|Any CPU
		{2DA2FFD5-C751-4879-9161-140150DC21F7}.Release|Any CPU.ActiveCfg = Release|Any CPU
		{2DA2FFD5-C751-4879-9161-140150DC21F7}.Release|Any CPU.Build.0 = Release|Any CPU
		{15EAAD39-60EF-43D2-97C1-3922801E7236}.Debug|Any CPU.ActiveCfg = Debug|Any CPU
		{15EAAD39-60EF-43D2-97C1-3922801E7236}.Debug|Any CPU.Build.0 = Debug|Any CPU
		{15EAAD39-60EF-43D2-97C1-3922801E7236}.Release|Any CPU.ActiveCfg = Release|Any CPU
		{15EAAD39-60EF-43D2-97C1-3922801E7236}.Release|Any CPU.Build.0 = Release|Any CPU
	EndGlobalSection
	GlobalSection(SolutionProperties) = preSolution
		HideSolutionNode = FALSE
	EndGlobalSection
	GlobalSection(ExtensibilityGlobals) = postSolution
		SolutionGuid = {8E2874DA-B95D-4B8C-A3A5-C02FA48CB4B3}
	EndGlobalSection
EndGlobal
